// !$*UTF8*$!
{
	archiveVersion = 1;
	classes = {
	};
	objectVersion = 56;
	objects = {

/* Begin PBXBuildFile section */
		2A22BF162A4DAC5D001F0F38 /* InstagramViewController.swift in Sources */ = {isa = PBXBuildFile; fileRef = 2A22BF152A4DAC5D001F0F38 /* InstagramViewController.swift */; };
		2A22BF272A4DD0FA001F0F38 /* FacebookCore in Frameworks */ = {isa = PBXBuildFile; productRef = 2A22BF262A4DD0FA001F0F38 /* FacebookCore */; };
		2A22BF292A4EC997001F0F38 /* InvitingFriendViewController.swift in Sources */ = {isa = PBXBuildFile; fileRef = 2A22BF282A4EC996001F0F38 /* InvitingFriendViewController.swift */; };
		2A22BF2C2A4FF404001F0F38 /* FriendViewController.swift in Sources */ = {isa = PBXBuildFile; fileRef = 2A22BF2B2A4FF404001F0F38 /* FriendViewController.swift */; };
		2A22BF302A51CA5E001F0F38 /* TimerViewController.swift in Sources */ = {isa = PBXBuildFile; fileRef = 2A22BF2F2A51CA5E001F0F38 /* TimerViewController.swift */; };
		2A22BF322A51CB57001F0F38 /* TimerView.swift in Sources */ = {isa = PBXBuildFile; fileRef = 2A22BF312A51CB57001F0F38 /* TimerView.swift */; };
		2A22BF352A52ACA7001F0F38 /* LottieViewController.swift in Sources */ = {isa = PBXBuildFile; fileRef = 2A22BF342A52ACA7001F0F38 /* LottieViewController.swift */; };
		2A22BF382A52AE84001F0F38 /* Lottie in Frameworks */ = {isa = PBXBuildFile; productRef = 2A22BF372A52AE84001F0F38 /* Lottie */; };
		2A22BF3C2A52F3FE001F0F38 /* coffee.json in Resources */ = {isa = PBXBuildFile; fileRef = 2A22BF3B2A52F3FE001F0F38 /* coffee.json */; };
		2A22BF402A52F7B9001F0F38 /* TabBarViewController.swift in Sources */ = {isa = PBXBuildFile; fileRef = 2A22BF3F2A52F7B9001F0F38 /* TabBarViewController.swift */; };
		2AEA6DCC2A492B55007D0537 /* AppDelegate.swift in Sources */ = {isa = PBXBuildFile; fileRef = 2AEA6DCB2A492B55007D0537 /* AppDelegate.swift */; };
		2AEA6DCE2A492B55007D0537 /* SceneDelegate.swift in Sources */ = {isa = PBXBuildFile; fileRef = 2AEA6DCD2A492B55007D0537 /* SceneDelegate.swift */; };
		2AEA6DD52A492B56007D0537 /* Assets.xcassets in Resources */ = {isa = PBXBuildFile; fileRef = 2AEA6DD42A492B56007D0537 /* Assets.xcassets */; };
		2AEA6DD82A492B56007D0537 /* LaunchScreen.storyboard in Resources */ = {isa = PBXBuildFile; fileRef = 2AEA6DD62A492B56007D0537 /* LaunchScreen.storyboard */; };
		2AEA6DE22A49627A007D0537 /* UIView+.swift in Sources */ = {isa = PBXBuildFile; fileRef = 2AEA6DE12A49627A007D0537 /* UIView+.swift */; };
		2AEA6DE52A4962CA007D0537 /* SnapKit in Frameworks */ = {isa = PBXBuildFile; productRef = 2AEA6DE42A4962CA007D0537 /* SnapKit */; };
		2AEA6DE82A4962D9007D0537 /* Then in Frameworks */ = {isa = PBXBuildFile; productRef = 2AEA6DE72A4962D9007D0537 /* Then */; };
		2AEA6DEA2A496346007D0537 /* NSObject+.swift in Sources */ = {isa = PBXBuildFile; fileRef = 2AEA6DE92A496346007D0537 /* NSObject+.swift */; };
		2AEA6DEC2A49660D007D0537 /* SearchBarViewController.swift in Sources */ = {isa = PBXBuildFile; fileRef = 2AEA6DEB2A49660D007D0537 /* SearchBarViewController.swift */; };
		2AF15DA32A4C85A300C85BF6 /* KakaoSDK in Frameworks */ = {isa = PBXBuildFile; productRef = 2AF15DA22A4C85A300C85BF6 /* KakaoSDK */; };
		2AF15DA52A4C884E00C85BF6 /* LoginViewController.swift in Sources */ = {isa = PBXBuildFile; fileRef = 2AF15DA42A4C884D00C85BF6 /* LoginViewController.swift */; };
		2AF15DA72A4C8B1900C85BF6 /* UIImage+.swift in Sources */ = {isa = PBXBuildFile; fileRef = 2AF15DA62A4C8B1900C85BF6 /* UIImage+.swift */; };
		2AF15DA92A4D5D0700C85BF6 /* ProfileViewController.swift in Sources */ = {isa = PBXBuildFile; fileRef = 2AF15DA82A4D5D0700C85BF6 /* ProfileViewController.swift */; };
		2AF15DAC2A4D6A2000C85BF6 /* Kingfisher in Frameworks */ = {isa = PBXBuildFile; productRef = 2AF15DAB2A4D6A2000C85BF6 /* Kingfisher */; };
/* End PBXBuildFile section */

/* Begin PBXFileReference section */
		2A22BF152A4DAC5D001F0F38 /* InstagramViewController.swift */ = {isa = PBXFileReference; lastKnownFileType = sourcecode.swift; path = InstagramViewController.swift; sourceTree = "<group>"; };
		2A22BF1A2A4DC9F1001F0F38 /* YELLO_practice.entitlements */ = {isa = PBXFileReference; lastKnownFileType = text.plist.entitlements; path = YELLO_practice.entitlements; sourceTree = "<group>"; };
		2A22BF282A4EC996001F0F38 /* InvitingFriendViewController.swift */ = {isa = PBXFileReference; lastKnownFileType = sourcecode.swift; path = InvitingFriendViewController.swift; sourceTree = "<group>"; };
		2A22BF2B2A4FF404001F0F38 /* FriendViewController.swift */ = {isa = PBXFileReference; lastKnownFileType = sourcecode.swift; path = FriendViewController.swift; sourceTree = "<group>"; };
		2A22BF2F2A51CA5E001F0F38 /* TimerViewController.swift */ = {isa = PBXFileReference; lastKnownFileType = sourcecode.swift; path = TimerViewController.swift; sourceTree = "<group>"; };
		2A22BF312A51CB57001F0F38 /* TimerView.swift */ = {isa = PBXFileReference; lastKnownFileType = sourcecode.swift; path = TimerView.swift; sourceTree = "<group>"; };
		2A22BF342A52ACA7001F0F38 /* LottieViewController.swift */ = {isa = PBXFileReference; lastKnownFileType = sourcecode.swift; path = LottieViewController.swift; sourceTree = "<group>"; };
		2A22BF3B2A52F3FE001F0F38 /* coffee.json */ = {isa = PBXFileReference; fileEncoding = 4; lastKnownFileType = text.json; path = coffee.json; sourceTree = "<group>"; };
		2A22BF3F2A52F7B9001F0F38 /* TabBarViewController.swift */ = {isa = PBXFileReference; lastKnownFileType = sourcecode.swift; path = TabBarViewController.swift; sourceTree = "<group>"; };
		2AEA6DC82A492B55007D0537 /* YELLO_practice.app */ = {isa = PBXFileReference; explicitFileType = wrapper.application; includeInIndex = 0; path = YELLO_practice.app; sourceTree = BUILT_PRODUCTS_DIR; };
		2AEA6DCB2A492B55007D0537 /* AppDelegate.swift */ = {isa = PBXFileReference; lastKnownFileType = sourcecode.swift; path = AppDelegate.swift; sourceTree = "<group>"; };
		2AEA6DCD2A492B55007D0537 /* SceneDelegate.swift */ = {isa = PBXFileReference; lastKnownFileType = sourcecode.swift; path = SceneDelegate.swift; sourceTree = "<group>"; };
		2AEA6DD42A492B56007D0537 /* Assets.xcassets */ = {isa = PBXFileReference; lastKnownFileType = folder.assetcatalog; path = Assets.xcassets; sourceTree = "<group>"; };
		2AEA6DD72A492B56007D0537 /* Base */ = {isa = PBXFileReference; lastKnownFileType = file.storyboard; name = Base; path = Base.lproj/LaunchScreen.storyboard; sourceTree = "<group>"; };
		2AEA6DD92A492B56007D0537 /* Info.plist */ = {isa = PBXFileReference; lastKnownFileType = text.plist.xml; path = Info.plist; sourceTree = "<group>"; };
		2AEA6DE12A49627A007D0537 /* UIView+.swift */ = {isa = PBXFileReference; lastKnownFileType = sourcecode.swift; path = "UIView+.swift"; sourceTree = "<group>"; };
		2AEA6DE92A496346007D0537 /* NSObject+.swift */ = {isa = PBXFileReference; lastKnownFileType = sourcecode.swift; path = "NSObject+.swift"; sourceTree = "<group>"; };
		2AEA6DEB2A49660D007D0537 /* SearchBarViewController.swift */ = {isa = PBXFileReference; lastKnownFileType = sourcecode.swift; path = SearchBarViewController.swift; sourceTree = "<group>"; };
		2AF15DA42A4C884D00C85BF6 /* LoginViewController.swift */ = {isa = PBXFileReference; lastKnownFileType = sourcecode.swift; path = LoginViewController.swift; sourceTree = "<group>"; };
		2AF15DA62A4C8B1900C85BF6 /* UIImage+.swift */ = {isa = PBXFileReference; lastKnownFileType = sourcecode.swift; path = "UIImage+.swift"; sourceTree = "<group>"; };
		2AF15DA82A4D5D0700C85BF6 /* ProfileViewController.swift */ = {isa = PBXFileReference; lastKnownFileType = sourcecode.swift; path = ProfileViewController.swift; sourceTree = "<group>"; };
/* End PBXFileReference section */

/* Begin PBXFrameworksBuildPhase section */
		2AEA6DC52A492B55007D0537 /* Frameworks */ = {
			isa = PBXFrameworksBuildPhase;
			buildActionMask = 2147483647;
			files = (
				2AF15DAC2A4D6A2000C85BF6 /* Kingfisher in Frameworks */,
				2A22BF272A4DD0FA001F0F38 /* FacebookCore in Frameworks */,
				2AEA6DE52A4962CA007D0537 /* SnapKit in Frameworks */,
				2AEA6DE82A4962D9007D0537 /* Then in Frameworks */,
				2AF15DA32A4C85A300C85BF6 /* KakaoSDK in Frameworks */,
				2A22BF382A52AE84001F0F38 /* Lottie in Frameworks */,
			);
			runOnlyForDeploymentPostprocessing = 0;
		};
/* End PBXFrameworksBuildPhase section */

/* Begin PBXGroup section */
		2A22BF142A4DA355001F0F38 /* InstagramSharing */ = {
			isa = PBXGroup;
			children = (
				2A22BF152A4DAC5D001F0F38 /* InstagramViewController.swift */,
			);
			path = InstagramSharing;
			sourceTree = "<group>";
		};
		2A22BF2A2A4EC99F001F0F38 /* KakaoInviting */ = {
			isa = PBXGroup;
			children = (
				2A22BF282A4EC996001F0F38 /* InvitingFriendViewController.swift */,
			);
			path = KakaoInviting;
			sourceTree = "<group>";
		};
		2A22BF2D2A4FF40D001F0F38 /* KakaoFriend */ = {
			isa = PBXGroup;
			children = (
				2A22BF2B2A4FF404001F0F38 /* FriendViewController.swift */,
			);
			path = KakaoFriend;
			sourceTree = "<group>";
		};
		2A22BF2E2A51CA52001F0F38 /* Timer */ = {
			isa = PBXGroup;
			children = (
				2A22BF2F2A51CA5E001F0F38 /* TimerViewController.swift */,
				2A22BF312A51CB57001F0F38 /* TimerView.swift */,
			);
			path = Timer;
			sourceTree = "<group>";
		};
		2A22BF332A52AC4A001F0F38 /* LottieAnimation */ = {
			isa = PBXGroup;
			children = (
				2A22BF3B2A52F3FE001F0F38 /* coffee.json */,
				2A22BF342A52ACA7001F0F38 /* LottieViewController.swift */,
			);
			path = LottieAnimation;
			sourceTree = "<group>";
		};
		2A22BF432A5328EB001F0F38 /* TabBar */ = {
			isa = PBXGroup;
			children = (
				2A22BF3F2A52F7B9001F0F38 /* TabBarViewController.swift */,
			);
			path = TabBar;
			sourceTree = "<group>";
		};
		2A2A1D122A4C7986009C53D7 /* SearchBar */ = {
			isa = PBXGroup;
			children = (
				2AEA6DEB2A49660D007D0537 /* SearchBarViewController.swift */,
			);
			path = SearchBar;
			sourceTree = "<group>";
		};
		2A2A1D132A4C79A0009C53D7 /* KakaoLogin */ = {
			isa = PBXGroup;
			children = (
				2AF15DA42A4C884D00C85BF6 /* LoginViewController.swift */,
				2AF15DA82A4D5D0700C85BF6 /* ProfileViewController.swift */,
			);
			path = KakaoLogin;
			sourceTree = "<group>";
		};
		2AEA6DBF2A492B54007D0537 = {
			isa = PBXGroup;
			children = (
				2AEA6DCA2A492B55007D0537 /* YELLO_practice */,
				2AEA6DC92A492B55007D0537 /* Products */,
			);
			sourceTree = "<group>";
		};
		2AEA6DC92A492B55007D0537 /* Products */ = {
			isa = PBXGroup;
			children = (
				2AEA6DC82A492B55007D0537 /* YELLO_practice.app */,
			);
			name = Products;
			sourceTree = "<group>";
		};
		2AEA6DCA2A492B55007D0537 /* YELLO_practice */ = {
			isa = PBXGroup;
			children = (
				2A22BF432A5328EB001F0F38 /* TabBar */,
				2A22BF332A52AC4A001F0F38 /* LottieAnimation */,
				2A22BF2E2A51CA52001F0F38 /* Timer */,
				2A22BF2D2A4FF40D001F0F38 /* KakaoFriend */,
				2A22BF1A2A4DC9F1001F0F38 /* YELLO_practice.entitlements */,
				2A22BF2A2A4EC99F001F0F38 /* KakaoInviting */,
				2A22BF142A4DA355001F0F38 /* InstagramSharing */,
				2A2A1D132A4C79A0009C53D7 /* KakaoLogin */,
				2A2A1D122A4C7986009C53D7 /* SearchBar */,
				2AEA6DED2A496618007D0537 /* Application */,
				2AEA6DE02A496266007D0537 /* Extension */,
				2AEA6DD42A492B56007D0537 /* Assets.xcassets */,
				2AEA6DD62A492B56007D0537 /* LaunchScreen.storyboard */,
				2AEA6DD92A492B56007D0537 /* Info.plist */,
			);
			path = YELLO_practice;
			sourceTree = "<group>";
		};
		2AEA6DE02A496266007D0537 /* Extension */ = {
			isa = PBXGroup;
			children = (
				2AEA6DE12A49627A007D0537 /* UIView+.swift */,
				2AEA6DE92A496346007D0537 /* NSObject+.swift */,
				2AF15DA62A4C8B1900C85BF6 /* UIImage+.swift */,
			);
			path = Extension;
			sourceTree = "<group>";
		};
		2AEA6DED2A496618007D0537 /* Application */ = {
			isa = PBXGroup;
			children = (
				2AEA6DCB2A492B55007D0537 /* AppDelegate.swift */,
				2AEA6DCD2A492B55007D0537 /* SceneDelegate.swift */,
			);
			path = Application;
			sourceTree = "<group>";
		};
/* End PBXGroup section */

/* Begin PBXNativeTarget section */
		2AEA6DC72A492B55007D0537 /* YELLO_practice */ = {
			isa = PBXNativeTarget;
			buildConfigurationList = 2AEA6DDC2A492B56007D0537 /* Build configuration list for PBXNativeTarget "YELLO_practice" */;
			buildPhases = (
				2AEA6DC42A492B55007D0537 /* Sources */,
				2AEA6DC52A492B55007D0537 /* Frameworks */,
				2AEA6DC62A492B55007D0537 /* Resources */,
			);
			buildRules = (
			);
			dependencies = (
			);
			name = YELLO_practice;
			packageProductDependencies = (
				2AEA6DE42A4962CA007D0537 /* SnapKit */,
				2AEA6DE72A4962D9007D0537 /* Then */,
				2AF15DA22A4C85A300C85BF6 /* KakaoSDK */,
				2AF15DAB2A4D6A2000C85BF6 /* Kingfisher */,
				2A22BF262A4DD0FA001F0F38 /* FacebookCore */,
				2A22BF372A52AE84001F0F38 /* Lottie */,
			);
			productName = "YELLO 연습";
			productReference = 2AEA6DC82A492B55007D0537 /* YELLO_practice.app */;
			productType = "com.apple.product-type.application";
		};
/* End PBXNativeTarget section */

/* Begin PBXProject section */
		2AEA6DC02A492B54007D0537 /* Project object */ = {
			isa = PBXProject;
			attributes = {
				BuildIndependentTargetsInParallel = 1;
				LastSwiftUpdateCheck = 1420;
				LastUpgradeCheck = 1420;
				TargetAttributes = {
					2AEA6DC72A492B55007D0537 = {
						CreatedOnToolsVersion = 14.2;
					};
				};
			};
			buildConfigurationList = 2AEA6DC32A492B54007D0537 /* Build configuration list for PBXProject "YELLO_practice" */;
			compatibilityVersion = "Xcode 14.0";
			developmentRegion = en;
			hasScannedForEncodings = 0;
			knownRegions = (
				en,
				Base,
			);
			mainGroup = 2AEA6DBF2A492B54007D0537;
			packageReferences = (
				2AEA6DE32A4962CA007D0537 /* XCRemoteSwiftPackageReference "SnapKit" */,
				2AEA6DE62A4962D9007D0537 /* XCRemoteSwiftPackageReference "Then" */,
				2AF15DA12A4C85A300C85BF6 /* XCRemoteSwiftPackageReference "kakao-ios-sdk" */,
				2AF15DAA2A4D6A2000C85BF6 /* XCRemoteSwiftPackageReference "Kingfisher" */,
				2A22BF252A4DD0FA001F0F38 /* XCRemoteSwiftPackageReference "facebook-ios-sdk" */,
				2A22BF362A52AE84001F0F38 /* XCRemoteSwiftPackageReference "lottie-ios" */,
			);
			productRefGroup = 2AEA6DC92A492B55007D0537 /* Products */;
			projectDirPath = "";
			projectRoot = "";
			targets = (
				2AEA6DC72A492B55007D0537 /* YELLO_practice */,
			);
		};
/* End PBXProject section */

/* Begin PBXResourcesBuildPhase section */
		2AEA6DC62A492B55007D0537 /* Resources */ = {
			isa = PBXResourcesBuildPhase;
			buildActionMask = 2147483647;
			files = (
				2A22BF3C2A52F3FE001F0F38 /* coffee.json in Resources */,
				2AEA6DD82A492B56007D0537 /* LaunchScreen.storyboard in Resources */,
				2AEA6DD52A492B56007D0537 /* Assets.xcassets in Resources */,
			);
			runOnlyForDeploymentPostprocessing = 0;
		};
/* End PBXResourcesBuildPhase section */

/* Begin PBXSourcesBuildPhase section */
		2AEA6DC42A492B55007D0537 /* Sources */ = {
			isa = PBXSourcesBuildPhase;
			buildActionMask = 2147483647;
			files = (
				2AF15DA52A4C884E00C85BF6 /* LoginViewController.swift in Sources */,
				2AF15DA72A4C8B1900C85BF6 /* UIImage+.swift in Sources */,
				2AEA6DEA2A496346007D0537 /* NSObject+.swift in Sources */,
				2A22BF352A52ACA7001F0F38 /* LottieViewController.swift in Sources */,
				2AEA6DEC2A49660D007D0537 /* SearchBarViewController.swift in Sources */,
				2A22BF302A51CA5E001F0F38 /* TimerViewController.swift in Sources */,
				2A22BF322A51CB57001F0F38 /* TimerView.swift in Sources */,
				2AEA6DE22A49627A007D0537 /* UIView+.swift in Sources */,
				2AEA6DCC2A492B55007D0537 /* AppDelegate.swift in Sources */,
				2A22BF292A4EC997001F0F38 /* InvitingFriendViewController.swift in Sources */,
				2A22BF162A4DAC5D001F0F38 /* InstagramViewController.swift in Sources */,
				2AF15DA92A4D5D0700C85BF6 /* ProfileViewController.swift in Sources */,
				2AEA6DCE2A492B55007D0537 /* SceneDelegate.swift in Sources */,
				2A22BF402A52F7B9001F0F38 /* TabBarViewController.swift in Sources */,
				2A22BF2C2A4FF404001F0F38 /* FriendViewController.swift in Sources */,
			);
			runOnlyForDeploymentPostprocessing = 0;
		};
/* End PBXSourcesBuildPhase section */

/* Begin PBXVariantGroup section */
		2AEA6DD62A492B56007D0537 /* LaunchScreen.storyboard */ = {
			isa = PBXVariantGroup;
			children = (
				2AEA6DD72A492B56007D0537 /* Base */,
			);
			name = LaunchScreen.storyboard;
			sourceTree = "<group>";
		};
/* End PBXVariantGroup section */

/* Begin XCBuildConfiguration section */
		2AEA6DDA2A492B56007D0537 /* Debug */ = {
			isa = XCBuildConfiguration;
			buildSettings = {
				ALWAYS_SEARCH_USER_PATHS = NO;
				CLANG_ANALYZER_NONNULL = YES;
				CLANG_ANALYZER_NUMBER_OBJECT_CONVERSION = YES_AGGRESSIVE;
				CLANG_CXX_LANGUAGE_STANDARD = "gnu++20";
				CLANG_ENABLE_MODULES = YES;
				CLANG_ENABLE_OBJC_ARC = YES;
				CLANG_ENABLE_OBJC_WEAK = YES;
				CLANG_WARN_BLOCK_CAPTURE_AUTORELEASING = YES;
				CLANG_WARN_BOOL_CONVERSION = YES;
				CLANG_WARN_COMMA = YES;
				CLANG_WARN_CONSTANT_CONVERSION = YES;
				CLANG_WARN_DEPRECATED_OBJC_IMPLEMENTATIONS = YES;
				CLANG_WARN_DIRECT_OBJC_ISA_USAGE = YES_ERROR;
				CLANG_WARN_DOCUMENTATION_COMMENTS = YES;
				CLANG_WARN_EMPTY_BODY = YES;
				CLANG_WARN_ENUM_CONVERSION = YES;
				CLANG_WARN_INFINITE_RECURSION = YES;
				CLANG_WARN_INT_CONVERSION = YES;
				CLANG_WARN_NON_LITERAL_NULL_CONVERSION = YES;
				CLANG_WARN_OBJC_IMPLICIT_RETAIN_SELF = YES;
				CLANG_WARN_OBJC_LITERAL_CONVERSION = YES;
				CLANG_WARN_OBJC_ROOT_CLASS = YES_ERROR;
				CLANG_WARN_QUOTED_INCLUDE_IN_FRAMEWORK_HEADER = YES;
				CLANG_WARN_RANGE_LOOP_ANALYSIS = YES;
				CLANG_WARN_STRICT_PROTOTYPES = YES;
				CLANG_WARN_SUSPICIOUS_MOVE = YES;
				CLANG_WARN_UNGUARDED_AVAILABILITY = YES_AGGRESSIVE;
				CLANG_WARN_UNREACHABLE_CODE = YES;
				CLANG_WARN__DUPLICATE_METHOD_MATCH = YES;
				COPY_PHASE_STRIP = NO;
				DEBUG_INFORMATION_FORMAT = dwarf;
				ENABLE_STRICT_OBJC_MSGSEND = YES;
				ENABLE_TESTABILITY = YES;
				GCC_C_LANGUAGE_STANDARD = gnu11;
				GCC_DYNAMIC_NO_PIC = NO;
				GCC_NO_COMMON_BLOCKS = YES;
				GCC_OPTIMIZATION_LEVEL = 0;
				GCC_PREPROCESSOR_DEFINITIONS = (
					"DEBUG=1",
					"$(inherited)",
				);
				GCC_WARN_64_TO_32_BIT_CONVERSION = YES;
				GCC_WARN_ABOUT_RETURN_TYPE = YES_ERROR;
				GCC_WARN_UNDECLARED_SELECTOR = YES;
				GCC_WARN_UNINITIALIZED_AUTOS = YES_AGGRESSIVE;
				GCC_WARN_UNUSED_FUNCTION = YES;
				GCC_WARN_UNUSED_VARIABLE = YES;
				IPHONEOS_DEPLOYMENT_TARGET = 16.2;
				MTL_ENABLE_DEBUG_INFO = INCLUDE_SOURCE;
				MTL_FAST_MATH = YES;
				ONLY_ACTIVE_ARCH = YES;
				SDKROOT = iphoneos;
				SWIFT_ACTIVE_COMPILATION_CONDITIONS = DEBUG;
				SWIFT_OPTIMIZATION_LEVEL = "-Onone";
			};
			name = Debug;
		};
		2AEA6DDB2A492B56007D0537 /* Release */ = {
			isa = XCBuildConfiguration;
			buildSettings = {
				ALWAYS_SEARCH_USER_PATHS = NO;
				CLANG_ANALYZER_NONNULL = YES;
				CLANG_ANALYZER_NUMBER_OBJECT_CONVERSION = YES_AGGRESSIVE;
				CLANG_CXX_LANGUAGE_STANDARD = "gnu++20";
				CLANG_ENABLE_MODULES = YES;
				CLANG_ENABLE_OBJC_ARC = YES;
				CLANG_ENABLE_OBJC_WEAK = YES;
				CLANG_WARN_BLOCK_CAPTURE_AUTORELEASING = YES;
				CLANG_WARN_BOOL_CONVERSION = YES;
				CLANG_WARN_COMMA = YES;
				CLANG_WARN_CONSTANT_CONVERSION = YES;
				CLANG_WARN_DEPRECATED_OBJC_IMPLEMENTATIONS = YES;
				CLANG_WARN_DIRECT_OBJC_ISA_USAGE = YES_ERROR;
				CLANG_WARN_DOCUMENTATION_COMMENTS = YES;
				CLANG_WARN_EMPTY_BODY = YES;
				CLANG_WARN_ENUM_CONVERSION = YES;
				CLANG_WARN_INFINITE_RECURSION = YES;
				CLANG_WARN_INT_CONVERSION = YES;
				CLANG_WARN_NON_LITERAL_NULL_CONVERSION = YES;
				CLANG_WARN_OBJC_IMPLICIT_RETAIN_SELF = YES;
				CLANG_WARN_OBJC_LITERAL_CONVERSION = YES;
				CLANG_WARN_OBJC_ROOT_CLASS = YES_ERROR;
				CLANG_WARN_QUOTED_INCLUDE_IN_FRAMEWORK_HEADER = YES;
				CLANG_WARN_RANGE_LOOP_ANALYSIS = YES;
				CLANG_WARN_STRICT_PROTOTYPES = YES;
				CLANG_WARN_SUSPICIOUS_MOVE = YES;
				CLANG_WARN_UNGUARDED_AVAILABILITY = YES_AGGRESSIVE;
				CLANG_WARN_UNREACHABLE_CODE = YES;
				CLANG_WARN__DUPLICATE_METHOD_MATCH = YES;
				COPY_PHASE_STRIP = NO;
				DEBUG_INFORMATION_FORMAT = "dwarf-with-dsym";
				ENABLE_NS_ASSERTIONS = NO;
				ENABLE_STRICT_OBJC_MSGSEND = YES;
				GCC_C_LANGUAGE_STANDARD = gnu11;
				GCC_NO_COMMON_BLOCKS = YES;
				GCC_WARN_64_TO_32_BIT_CONVERSION = YES;
				GCC_WARN_ABOUT_RETURN_TYPE = YES_ERROR;
				GCC_WARN_UNDECLARED_SELECTOR = YES;
				GCC_WARN_UNINITIALIZED_AUTOS = YES_AGGRESSIVE;
				GCC_WARN_UNUSED_FUNCTION = YES;
				GCC_WARN_UNUSED_VARIABLE = YES;
				IPHONEOS_DEPLOYMENT_TARGET = 16.2;
				MTL_ENABLE_DEBUG_INFO = NO;
				MTL_FAST_MATH = YES;
				SDKROOT = iphoneos;
				SWIFT_COMPILATION_MODE = wholemodule;
				SWIFT_OPTIMIZATION_LEVEL = "-O";
				VALIDATE_PRODUCT = YES;
			};
			name = Release;
		};
		2AEA6DDD2A492B56007D0537 /* Debug */ = {
			isa = XCBuildConfiguration;
			buildSettings = {
				ASSETCATALOG_COMPILER_APPICON_NAME = AppIcon;
				ASSETCATALOG_COMPILER_GLOBAL_ACCENT_COLOR_NAME = AccentColor;
				CODE_SIGN_ENTITLEMENTS = YELLO_practice/YELLO_practice.entitlements;
				CODE_SIGN_STYLE = Automatic;
				CURRENT_PROJECT_VERSION = 1;
				DEVELOPMENT_TEAM = 349HWJV2J8;
				GENERATE_INFOPLIST_FILE = YES;
				INFOPLIST_FILE = YELLO_practice/Info.plist;
				INFOPLIST_KEY_UIApplicationSupportsIndirectInputEvents = YES;
				INFOPLIST_KEY_UILaunchStoryboardName = LaunchScreen;
				INFOPLIST_KEY_UISupportedInterfaceOrientations_iPad = "UIInterfaceOrientationPortrait UIInterfaceOrientationPortraitUpsideDown UIInterfaceOrientationLandscapeLeft UIInterfaceOrientationLandscapeRight";
				INFOPLIST_KEY_UISupportedInterfaceOrientations_iPhone = "UIInterfaceOrientationPortrait UIInterfaceOrientationLandscapeLeft UIInterfaceOrientationLandscapeRight";
				LD_RUNPATH_SEARCH_PATHS = (
					"$(inherited)",
					"@executable_path/Frameworks",
				);
				MARKETING_VERSION = 1.0;
				PRODUCT_BUNDLE_IDENTIFIER = "com.naver-heejoo-byun.YELLO-------";
				PRODUCT_NAME = "$(TARGET_NAME)";
				SWIFT_EMIT_LOC_STRINGS = YES;
				SWIFT_VERSION = 5.0;
				TARGETED_DEVICE_FAMILY = "1,2";
			};
			name = Debug;
		};
		2AEA6DDE2A492B56007D0537 /* Release */ = {
			isa = XCBuildConfiguration;
			buildSettings = {
				ASSETCATALOG_COMPILER_APPICON_NAME = AppIcon;
				ASSETCATALOG_COMPILER_GLOBAL_ACCENT_COLOR_NAME = AccentColor;
				CODE_SIGN_ENTITLEMENTS = YELLO_practice/YELLO_practice.entitlements;
				CODE_SIGN_STYLE = Automatic;
				CURRENT_PROJECT_VERSION = 1;
				DEVELOPMENT_TEAM = 349HWJV2J8;
				GENERATE_INFOPLIST_FILE = YES;
				INFOPLIST_FILE = YELLO_practice/Info.plist;
				INFOPLIST_KEY_UIApplicationSupportsIndirectInputEvents = YES;
				INFOPLIST_KEY_UILaunchStoryboardName = LaunchScreen;
				INFOPLIST_KEY_UISupportedInterfaceOrientations_iPad = "UIInterfaceOrientationPortrait UIInterfaceOrientationPortraitUpsideDown UIInterfaceOrientationLandscapeLeft UIInterfaceOrientationLandscapeRight";
				INFOPLIST_KEY_UISupportedInterfaceOrientations_iPhone = "UIInterfaceOrientationPortrait UIInterfaceOrientationLandscapeLeft UIInterfaceOrientationLandscapeRight";
				LD_RUNPATH_SEARCH_PATHS = (
					"$(inherited)",
					"@executable_path/Frameworks",
				);
				MARKETING_VERSION = 1.0;
				PRODUCT_BUNDLE_IDENTIFIER = "com.naver-heejoo-byun.YELLO-------";
				PRODUCT_NAME = "$(TARGET_NAME)";
				SWIFT_EMIT_LOC_STRINGS = YES;
				SWIFT_VERSION = 5.0;
				TARGETED_DEVICE_FAMILY = "1,2";
			};
			name = Release;
		};
/* End XCBuildConfiguration section */

/* Begin XCConfigurationList section */
		2AEA6DC32A492B54007D0537 /* Build configuration list for PBXProject "YELLO_practice" */ = {
			isa = XCConfigurationList;
			buildConfigurations = (
				2AEA6DDA2A492B56007D0537 /* Debug */,
				2AEA6DDB2A492B56007D0537 /* Release */,
			);
			defaultConfigurationIsVisible = 0;
			defaultConfigurationName = Release;
		};
		2AEA6DDC2A492B56007D0537 /* Build configuration list for PBXNativeTarget "YELLO_practice" */ = {
			isa = XCConfigurationList;
			buildConfigurations = (
				2AEA6DDD2A492B56007D0537 /* Debug */,
				2AEA6DDE2A492B56007D0537 /* Release */,
			);
			defaultConfigurationIsVisible = 0;
			defaultConfigurationName = Release;
		};
/* End XCConfigurationList section */

/* Begin XCRemoteSwiftPackageReference section */
		2A22BF252A4DD0FA001F0F38 /* XCRemoteSwiftPackageReference "facebook-ios-sdk" */ = {
			isa = XCRemoteSwiftPackageReference;
			repositoryURL = "https://github.com/facebook/facebook-ios-sdk.git";
			requirement = {
				kind = upToNextMajorVersion;
				minimumVersion = 9.3.0;
			};
		};
		2A22BF362A52AE84001F0F38 /* XCRemoteSwiftPackageReference "lottie-ios" */ = {
			isa = XCRemoteSwiftPackageReference;
			repositoryURL = "https://github.com/airbnb/lottie-ios.git";
			requirement = {
				kind = upToNextMajorVersion;
				minimumVersion = 4.0.0;
			};
		};
		2AEA6DE32A4962CA007D0537 /* XCRemoteSwiftPackageReference "SnapKit" */ = {
			isa = XCRemoteSwiftPackageReference;
			repositoryURL = "https://github.com/SnapKit/SnapKit.git";
			requirement = {
				kind = upToNextMajorVersion;
				minimumVersion = 5.0.0;
			};
		};
		2AEA6DE62A4962D9007D0537 /* XCRemoteSwiftPackageReference "Then" */ = {
			isa = XCRemoteSwiftPackageReference;
			repositoryURL = "https://github.com/devxoul/Then.git";
			requirement = {
				kind = upToNextMajorVersion;
				minimumVersion = 3.0.0;
			};
		};
		2AF15DA12A4C85A300C85BF6 /* XCRemoteSwiftPackageReference "kakao-ios-sdk" */ = {
			isa = XCRemoteSwiftPackageReference;
			repositoryURL = "https://github.com/kakao/kakao-ios-sdk.git";
			requirement = {
				kind = upToNextMajorVersion;
				minimumVersion = 2.0.0;
			};
		};
		2AF15DAA2A4D6A2000C85BF6 /* XCRemoteSwiftPackageReference "Kingfisher" */ = {
			isa = XCRemoteSwiftPackageReference;
			repositoryURL = "https://github.com/onevcat/Kingfisher.git";
			requirement = {
				kind = upToNextMajorVersion;
				minimumVersion = 7.0.0;
			};
		};
/* End XCRemoteSwiftPackageReference section */

/* Begin XCSwiftPackageProductDependency section */
		2A22BF262A4DD0FA001F0F38 /* FacebookCore */ = {
			isa = XCSwiftPackageProductDependency;
			package = 2A22BF252A4DD0FA001F0F38 /* XCRemoteSwiftPackageReference "facebook-ios-sdk" */;
			productName = FacebookCore;
		};
		2A22BF372A52AE84001F0F38 /* Lottie */ = {
			isa = XCSwiftPackageProductDependency;
			package = 2A22BF362A52AE84001F0F38 /* XCRemoteSwiftPackageReference "lottie-ios" */;
			productName = Lottie;
		};
		2AEA6DE42A4962CA007D0537 /* SnapKit */ = {
			isa = XCSwiftPackageProductDependency;
			package = 2AEA6DE32A4962CA007D0537 /* XCRemoteSwiftPackageReference "SnapKit" */;
			productName = SnapKit;
		};
		2AEA6DE72A4962D9007D0537 /* Then */ = {
			isa = XCSwiftPackageProductDependency;
			package = 2AEA6DE62A4962D9007D0537 /* XCRemoteSwiftPackageReference "Then" */;
			productName = Then;
		};
		2AF15DA22A4C85A300C85BF6 /* KakaoSDK */ = {
			isa = XCSwiftPackageProductDependency;
			package = 2AF15DA12A4C85A300C85BF6 /* XCRemoteSwiftPackageReference "kakao-ios-sdk" */;
			productName = KakaoSDK;
		};
		2AF15DAB2A4D6A2000C85BF6 /* Kingfisher */ = {
			isa = XCSwiftPackageProductDependency;
			package = 2AF15DAA2A4D6A2000C85BF6 /* XCRemoteSwiftPackageReference "Kingfisher" */;
			productName = Kingfisher;
		};
/* End XCSwiftPackageProductDependency section */
	};
	rootObject = 2AEA6DC02A492B54007D0537 /* Project object */;
}
